
Microsoft Visual Studio Solution File, Format Version 12.00
# Visual Studio Version 17
VisualStudioVersion = 17.12.35707.178
MinimumVisualStudioVersion = 10.0.40219.1
Project("{FAE04EC0-301F-11D3-BF4B-00C04F79EFBC}") = "GlobalErrorHandlerIntegration", "GlobalErrorHandlerIntegration\GlobalErrorHandlerIntegration.csproj", "{B03ACFA8-336A-4F88-BB0D-54A3CCA5D340}"
EndProject
Project("{2150E333-8FDC-42A3-9474-1A3956D46DE8}") = "Solution Items", "Solution Items", "{6E3B34B1-FC71-44F3-B1C4-14D82AE4E1FE}"
	ProjectSection(SolutionItems) = preProject
		.gitignore = .gitignore
	EndProjectSection
EndProject
Project("{FAE04EC0-301F-11D3-BF4B-00C04F79EFBC}") = "GlobalErrorHandlerIntegration.Tests", "GlobalErrorHandlerIntegration.Tests\GlobalErrorHandlerIntegration.Tests.csproj", "{19C42176-6F03-4886-AA7E-111E49FDAE19}"
EndProject
Global
	GlobalSection(SolutionConfigurationPlatforms) = preSolution
		Debug|Any CPU = Debug|Any CPU
		Release|Any CPU = Release|Any CPU
	EndGlobalSection
	GlobalSection(ProjectConfigurationPlatforms) = postSolution
		{B03ACFA8-336A-4F88-BB0D-54A3CCA5D340}.Debug|Any CPU.ActiveCfg = Debug|Any CPU
		{B03ACFA8-336A-4F88-BB0D-54A3CCA5D340}.Debug|Any CPU.Build.0 = Debug|Any CPU
		{B03ACFA8-336A-4F88-BB0D-54A3CCA5D340}.Release|Any CPU.ActiveCfg = Release|Any CPU
		{B03ACFA8-336A-4F88-BB0D-54A3CCA5D340}.Release|Any CPU.Build.0 = Release|Any CPU
		{19C42176-6F03-4886-AA7E-111E49FDAE19}.Debug|Any CPU.ActiveCfg = Debug|Any CPU
		{19C42176-6F03-4886-AA7E-111E49FDAE19}.Debug|Any CPU.Build.0 = Debug|Any CPU
		{19C42176-6F03-4886-AA7E-111E49FDAE19}.Release|Any CPU.ActiveCfg = Release|Any CPU
		{19C42176-6F03-4886-AA7E-111E49FDAE19}.Release|Any CPU.Build.0 = Release|Any CPU
	EndGlobalSection
	GlobalSection(SolutionProperties) = preSolution
		HideSolutionNode = FALSE
	EndGlobalSection
EndGlobal
